
Microsoft Visual Studio Solution File, Format Version 12.00
# Visual Studio Version 17
VisualStudioVersion = 17.6.33815.320
MinimumVisualStudioVersion = 10.0.40219.1
Project("{FAE04EC0-301F-11D3-BF4B-00C04F79EFBC}") = "WordSkipCounter", "WordSkipCounter\WordSkipCounter.csproj", "{63944EEA-FBB9-4C51-9E94-A530B9A97F2B}"
EndProject
Global
	GlobalSection(SolutionConfigurationPlatforms) = preSolution
		Debug|Any CPU = Debug|Any CPU
		Release|Any CPU = Release|Any CPU
	EndGlobalSection
	GlobalSection(ProjectConfigurationPlatforms) = postSolution
		{63944EEA-FBB9-4C51-9E94-A530B9A97F2B}.Debug|Any CPU.ActiveCfg = Debug|Any CPU
		{63944EEA-FBB9-4C51-9E94-A530B9A97F2B}.Debug|Any CPU.Build.0 = Debug|Any CPU
		{63944EEA-FBB9-4C51-9E94-A530B9A97F2B}.Release|Any CPU.ActiveCfg = Release|Any CPU
		{63944EEA-FBB9-4C51-9E94-A530B9A97F2B}.Release|Any CPU.Build.0 = Release|Any CPU
	EndGlobalSection
	GlobalSection(SolutionProperties) = preSolution
		HideSolutionNode = FALSE
	EndGlobalSection
	GlobalSection(ExtensibilityGlobals) = postSolution
		SolutionGuid = {CA72BA12-A571-4B89-A465-B0BD2AE05C11}
	EndGlobalSection
EndGlobal
